
Microsoft Visual Studio Solution File, Format Version 12.00
# Visual Studio Version 17
VisualStudioVersion = 17.3.32901.215
MinimumVisualStudioVersion = 10.0.40219.1
Project("{9A19103F-16F7-4668-BE54-9A1E7A4F7556}") = "ServidorGRPC", "ServidorGRPC\ServidorGRPC.csproj", "{FC4AD815-BD96-4F6F-A99D-EDCFFEF774C2}"
EndProject
Project("{9A19103F-16F7-4668-BE54-9A1E7A4F7556}") = "AdminOperador", "AdminOperador\AdminOperador.csproj", "{4C171388-D15B-4329-8D35-2700114CDE98}"
EndProject
Project("{888888A0-9F3D-457C-B088-3A5042F75D52}") = "ExternalOperator", "ExternalOperator\ExternalOperator.pyproj", "{54EBC687-7CEB-4420-9186-9D41F3E0506A}"
EndProject
Global
	GlobalSection(SolutionConfigurationPlatforms) = preSolution
		Debug|Any CPU = Debug|Any CPU
		Release|Any CPU = Release|Any CPU
	EndGlobalSection
	GlobalSection(ProjectConfigurationPlatforms) = postSolution
		{FC4AD815-BD96-4F6F-A99D-EDCFFEF774C2}.Debug|Any CPU.ActiveCfg = Debug|Any CPU
		{FC4AD815-BD96-4F6F-A99D-EDCFFEF774C2}.Debug|Any CPU.Build.0 = Debug|Any CPU
		{FC4AD815-BD96-4F6F-A99D-EDCFFEF774C2}.Release|Any CPU.ActiveCfg = Release|Any CPU
		{FC4AD815-BD96-4F6F-A99D-EDCFFEF774C2}.Release|Any CPU.Build.0 = Release|Any CPU
		{4C171388-D15B-4329-8D35-2700114CDE98}.Debug|Any CPU.ActiveCfg = Debug|Any CPU
		{4C171388-D15B-4329-8D35-2700114CDE98}.Debug|Any CPU.Build.0 = Debug|Any CPU
		{4C171388-D15B-4329-8D35-2700114CDE98}.Release|Any CPU.ActiveCfg = Release|Any CPU
		{4C171388-D15B-4329-8D35-2700114CDE98}.Release|Any CPU.Build.0 = Release|Any CPU
		{54EBC687-7CEB-4420-9186-9D41F3E0506A}.Debug|Any CPU.ActiveCfg = Debug|Any CPU
		{54EBC687-7CEB-4420-9186-9D41F3E0506A}.Release|Any CPU.ActiveCfg = Release|Any CPU
	EndGlobalSection
	GlobalSection(SolutionProperties) = preSolution
		HideSolutionNode = FALSE
	EndGlobalSection
	GlobalSection(ExtensibilityGlobals) = postSolution
		SolutionGuid = {4E01760D-4CC6-49C7-A2B7-EAF83F2D3C5B}
	EndGlobalSection
EndGlobal
